
Microsoft Visual Studio Solution File, Format Version 12.00
# Visual Studio Version 17
VisualStudioVersion = 17.10.35004.147
MinimumVisualStudioVersion = 10.0.40219.1
Project("{9A19103F-16F7-4668-BE54-9A1E7A4F7556}") = "Web", "Web\Web.csproj", "{1930F239-8A2B-4E4A-AED9-868DF3B4EAB2}"
EndProject
Project("{2150E333-8FDC-42A3-9474-1A3956D46DE8}") = "Core", "Core", "{4434A8B1-6286-4883-9482-2A21176439F2}"
EndProject
Project("{2150E333-8FDC-42A3-9474-1A3956D46DE8}") = "Infrastructure", "Infrastructure", "{838C1C93-CB81-40B6-8D4D-D56025048E66}"
EndProject
Project("{9A19103F-16F7-4668-BE54-9A1E7A4F7556}") = "Contracts", "Contracts\Contracts.csproj", "{752C7AC1-4021-4D2D-91B7-C7E6CFAB5EA1}"
EndProject
Project("{9A19103F-16F7-4668-BE54-9A1E7A4F7556}") = "Domain", "Domain\Domain.csproj", "{6C591FC9-CCBC-462F-9491-25941EC1658A}"
EndProject
Project("{9A19103F-16F7-4668-BE54-9A1E7A4F7556}") = "Services", "Services\Services.csproj", "{18A86912-EAB5-465B-9DB5-441A4944A117}"
EndProject
Project("{9A19103F-16F7-4668-BE54-9A1E7A4F7556}") = "Services.Abstractions", "Services.Abstractions\Services.Abstractions.csproj", "{29EEA5F4-D4C7-421B-9E18-7E32658DFCDE}"
EndProject
Project("{9A19103F-16F7-4668-BE54-9A1E7A4F7556}") = "Persistence", "Persistence\Persistence.csproj", "{4B15B453-D36D-4108-A7CA-C1C06283CE51}"
EndProject
Project("{9A19103F-16F7-4668-BE54-9A1E7A4F7556}") = "Presentation", "Presentation\Presentation.csproj", "{B17A8DBF-B72A-4C93-BFFF-E30E1B4B07F7}"
EndProject
Global
	GlobalSection(SolutionConfigurationPlatforms) = preSolution
		Debug|Any CPU = Debug|Any CPU
		Release|Any CPU = Release|Any CPU
	EndGlobalSection
	GlobalSection(ProjectConfigurationPlatforms) = postSolution
		{1930F239-8A2B-4E4A-AED9-868DF3B4EAB2}.Debug|Any CPU.ActiveCfg = Debug|Any CPU
		{1930F239-8A2B-4E4A-AED9-868DF3B4EAB2}.Debug|Any CPU.Build.0 = Debug|Any CPU
		{1930F239-8A2B-4E4A-AED9-868DF3B4EAB2}.Release|Any CPU.ActiveCfg = Release|Any CPU
		{1930F239-8A2B-4E4A-AED9-868DF3B4EAB2}.Release|Any CPU.Build.0 = Release|Any CPU
		{752C7AC1-4021-4D2D-91B7-C7E6CFAB5EA1}.Debug|Any CPU.ActiveCfg = Debug|Any CPU
		{752C7AC1-4021-4D2D-91B7-C7E6CFAB5EA1}.Debug|Any CPU.Build.0 = Debug|Any CPU
		{752C7AC1-4021-4D2D-91B7-C7E6CFAB5EA1}.Release|Any CPU.ActiveCfg = Release|Any CPU
		{752C7AC1-4021-4D2D-91B7-C7E6CFAB5EA1}.Release|Any CPU.Build.0 = Release|Any CPU
		{6C591FC9-CCBC-462F-9491-25941EC1658A}.Debug|Any CPU.ActiveCfg = Debug|Any CPU
		{6C591FC9-CCBC-462F-9491-25941EC1658A}.Debug|Any CPU.Build.0 = Debug|Any CPU
		{6C591FC9-CCBC-462F-9491-25941EC1658A}.Release|Any CPU.ActiveCfg = Release|Any CPU
		{6C591FC9-CCBC-462F-9491-25941EC1658A}.Release|Any CPU.Build.0 = Release|Any CPU
		{18A86912-EAB5-465B-9DB5-441A4944A117}.Debug|Any CPU.ActiveCfg = Debug|Any CPU
		{18A86912-EAB5-465B-9DB5-441A4944A117}.Debug|Any CPU.Build.0 = Debug|Any CPU
		{18A86912-EAB5-465B-9DB5-441A4944A117}.Release|Any CPU.ActiveCfg = Release|Any CPU
		{18A86912-EAB5-465B-9DB5-441A4944A117}.Release|Any CPU.Build.0 = Release|Any CPU
		{29EEA5F4-D4C7-421B-9E18-7E32658DFCDE}.Debug|Any CPU.ActiveCfg = Debug|Any CPU
		{29EEA5F4-D4C7-421B-9E18-7E32658DFCDE}.Debug|Any CPU.Build.0 = Debug|Any CPU
		{29EEA5F4-D4C7-421B-9E18-7E32658DFCDE}.Release|Any CPU.ActiveCfg = Release|Any CPU
		{29EEA5F4-D4C7-421B-9E18-7E32658DFCDE}.Release|Any CPU.Build.0 = Release|Any CPU
		{4B15B453-D36D-4108-A7CA-C1C06283CE51}.Debug|Any CPU.ActiveCfg = Debug|Any CPU
		{4B15B453-D36D-4108-A7CA-C1C06283CE51}.Debug|Any CPU.Build.0 = Debug|Any CPU
		{4B15B453-D36D-4108-A7CA-C1C06283CE51}.Release|Any CPU.ActiveCfg = Release|Any CPU
		{4B15B453-D36D-4108-A7CA-C1C06283CE51}.Release|Any CPU.Build.0 = Release|Any CPU
		{B17A8DBF-B72A-4C93-BFFF-E30E1B4B07F7}.Debug|Any CPU.ActiveCfg = Debug|Any CPU
		{B17A8DBF-B72A-4C93-BFFF-E30E1B4B07F7}.Debug|Any CPU.Build.0 = Debug|Any CPU
		{B17A8DBF-B72A-4C93-BFFF-E30E1B4B07F7}.Release|Any CPU.ActiveCfg = Release|Any CPU
		{B17A8DBF-B72A-4C93-BFFF-E30E1B4B07F7}.Release|Any CPU.Build.0 = Release|Any CPU
	EndGlobalSection
	GlobalSection(SolutionProperties) = preSolution
		HideSolutionNode = FALSE
	EndGlobalSection
	GlobalSection(NestedProjects) = preSolution
		{752C7AC1-4021-4D2D-91B7-C7E6CFAB5EA1} = {4434A8B1-6286-4883-9482-2A21176439F2}
		{6C591FC9-CCBC-462F-9491-25941EC1658A} = {4434A8B1-6286-4883-9482-2A21176439F2}
		{18A86912-EAB5-465B-9DB5-441A4944A117} = {4434A8B1-6286-4883-9482-2A21176439F2}
		{29EEA5F4-D4C7-421B-9E18-7E32658DFCDE} = {4434A8B1-6286-4883-9482-2A21176439F2}
		{4B15B453-D36D-4108-A7CA-C1C06283CE51} = {838C1C93-CB81-40B6-8D4D-D56025048E66}
		{B17A8DBF-B72A-4C93-BFFF-E30E1B4B07F7} = {838C1C93-CB81-40B6-8D4D-D56025048E66}
	EndGlobalSection
	GlobalSection(ExtensibilityGlobals) = postSolution
		SolutionGuid = {CFB126C4-6050-4166-808C-DC1CEB77A833}
	EndGlobalSection
EndGlobal
